{
  "name": "scminer-api",
  "version": "1.0.0",
  "lockfileVersion": 3,
  "requires": true,
  "packages": {
    "": {
      "name": "scminer-api",
      "version": "1.0.0",
      "dependencies": {
        "reflect-metadata": "^0.2.2",
        "streetjs": "^1.2.8",
        "ws": "^8.18.0"
      },
      "devDependencies": {
        "@streetjs/cli": "^1.2.7",
        "@types/node": "^20.14.0",
        "@types/ws": "^8.5.10",
        "typescript": "^5.4.5"
      }
    },
    "node_modules/@streetjs/cache": {
      "version": "1.0.0",
      "license": "MIT",
      "engines": {
        "node": ">=22.0.0"
      },
      "peerDependencies": {
        "typescript": ">=5.0.0"
      }
    },
    "node_modules/@streetjs/cli": {
      "version": "1.2.10",
      "dev": true,
      "license": "MIT",
      "dependencies": {
        "streetjs": "^1.2.7"
      },
      "bin": {
        "street": "bin/street.js"
      },
      "engines": {
        "node": ">=22.0.0"
      },
      "peerDependencies": {
        "typescript": ">=5.0.0"
      }
    },
    "node_modules/@streetjs/cluster": {
      "version": "1.0.0",
      "license": "MIT",
      "engines": {
        "node": ">=22.0.0"
      },
      "peerDependencies": {
        "typescript": ">=5.0.0"
      }
    },
    "node_modules/@streetjs/container": {
      "version": "1.0.0",
      "license": "MIT",
      "dependencies": {
        "reflect-metadata": "^0.2.2"
      },
      "engines": {
        "node": ">=22.0.0"
      },
      "peerDependencies": {
        "typescript": ">=5.0.0"
      }
    },
    "node_modules/@streetjs/context": {
      "version": "1.1.0",
      "license": "MIT",
      "dependencies": {
        "@streetjs/multipart": "^1.0.0"
      },
      "engines": {
        "node": ">=22.0.0"
      },
      "peerDependencies": {
        "typescript": ">=5.0.0"
      }
    },
    "node_modules/@streetjs/diagnostics": {
      "version": "1.0.0",
      "license": "MIT",
      "engines": {
        "node": ">=22.0.0"
      },
      "peerDependencies": {
        "typescript": ">=5.0.0"
      }
    },
    "node_modules/@streetjs/exceptions": {
      "version": "1.0.0",
      "license": "MIT",
      "engines": {
        "node": ">=22.0.0"
      },
      "peerDependencies": {
        "typescript": ">=5.0.0"
      }
    },
    "node_modules/@streetjs/migrations": {
      "version": "1.0.0",
      "license": "MIT",
      "dependencies": {
        "@streetjs/container": "^1.0.0",
        "@streetjs/pool": "^1.0.0",
        "@streetjs/schema-inspector": "^1.0.0",
        "reflect-metadata": "^0.2.2"
      },
      "engines": {
        "node": ">=22.0.0"
      },
      "peerDependencies": {
        "typescript": ">=5.0.0"
      }
    },
    "node_modules/@streetjs/multipart": {
      "version": "1.0.0",
      "license": "MIT",
      "engines": {
        "node": ">=22.0.0"
      },
      "peerDependencies": {
        "typescript": ">=5.0.0"
      }
    },
    "node_modules/@streetjs/pool": {
      "version": "1.0.0",
      "license": "MIT",
      "dependencies": {
        "@streetjs/container": "^1.0.0",
        "@streetjs/exceptions": "^1.0.0",
        "@streetjs/postgres": "^1.0.0"
      },
      "engines": {
        "node": ">=22.0.0"
      },
      "peerDependencies": {
        "typescript": ">=5.0.0"
      }
    },
    "node_modules/@streetjs/postgres": {
      "version": "1.0.0",
      "license": "MIT",
      "engines": {
        "node": ">=22.0.0"
      },
      "peerDependencies": {
        "typescript": ">=5.0.0"
      }
    },
    "node_modules/@streetjs/ratelimit": {
      "version": "1.0.0",
      "license": "MIT",
      "dependencies": {
        "@streetjs/context": "^1.1.0",
        "@streetjs/exceptions": "^1.0.0",
        "@streetjs/store": "^1.0.0",
        "reflect-metadata": "^0.2.2"
      },
      "engines": {
        "node": ">=22.0.0"
      },
      "peerDependencies": {
        "typescript": ">=5.0.0"
      }
    },
    "node_modules/@streetjs/repository": {
      "version": "1.0.0",
      "license": "MIT",
      "dependencies": {
        "@streetjs/pool": "^1.0.0",
        "@streetjs/postgres": "^1.0.0"
      },
      "engines": {
        "node": ">=22.0.0"
      },
      "peerDependencies": {
        "typescript": ">=5.0.0"
      }
    },
    "node_modules/@streetjs/router": {
      "version": "1.0.0",
      "license": "MIT",
      "dependencies": {
        "@streetjs/context": "^1.1.0",
        "@streetjs/diagnostics": "^1.0.0",
        "@streetjs/exceptions": "^1.0.0",
        "@streetjs/ratelimit": "^1.0.0",
        "reflect-metadata": "^0.2.2"
      },
      "engines": {
        "node": ">=22.0.0"
      },
      "peerDependencies": {
        "typescript": ">=5.0.0"
      }
    },
    "node_modules/@streetjs/schema-inspector": {
      "version": "1.0.0",
      "license": "MIT",
      "dependencies": {
        "@streetjs/postgres": "^1.0.0"
      },
      "engines": {
        "node": ">=22.0.0"
      },
      "peerDependencies": {
        "typescript": ">=5.0.0"
      }
    },
    "node_modules/@streetjs/security": {
      "version": "1.1.0",
      "license": "MIT",
      "engines": {
        "node": ">=22.0.0"
      },
      "peerDependencies": {
        "typescript": ">=5.0.0"
      }
    },
    "node_modules/@streetjs/session": {
      "version": "1.0.0",
      "license": "MIT",
      "engines": {
        "node": ">=22.0.0"
      },
      "peerDependencies": {
        "typescript": ">=5.0.0"
      }
    },
    "node_modules/@streetjs/store": {
      "version": "1.0.0",
      "license": "MIT",
      "engines": {
        "node": ">=22.0.0"
      },
      "peerDependencies": {
        "typescript": ">=5.0.0"
      }
    },
    "node_modules/@streetjs/telemetry": {
      "version": "1.0.0",
      "license": "MIT",
      "engines": {
        "node": ">=22.0.0"
      },
      "peerDependencies": {
        "typescript": ">=5.0.0"
      }
    },
    "node_modules/@streetjs/webhook-dispatcher": {
      "version": "1.0.0",
      "license": "MIT",
      "engines": {
        "node": ">=22.0.0"
      },
      "peerDependencies": {
        "typescript": ">=5.0.0"
      }
    },
    "node_modules/@streetjs/websocket": {
      "version": "1.0.0",
      "license": "MIT",
      "dependencies": {
        "ws": "^8.18.0"
      },
      "engines": {
        "node": ">=22.0.0"
      },
      "peerDependencies": {
        "typescript": ">=5.0.0"
      }
    },
    "node_modules/@streetjs/xss": {
      "version": "1.0.0",
      "license": "MIT",
      "engines": {
        "node": ">=22.0.0"
      },
      "peerDependencies": {
        "typescript": ">=5.0.0"
      }
    },
    "node_modules/@types/node": {
      "version": "20.19.43",
      "dev": true,
      "license": "MIT",
      "dependencies": {
        "undici-types": "~6.21.0"
      }
    },
    "node_modules/@types/ws": {
      "version": "8.18.1",
      "dev": true,
      "license": "MIT",
      "dependencies": {
        "@types/node": "*"
      }
    },
    "node_modules/reflect-metadata": {
      "version": "0.2.2",
      "license": "Apache-2.0"
    },
    "node_modules/streetjs": {
      "version": "1.2.8",
      "license": "MIT",
      "dependencies": {
        "@streetjs/cache": "^1.0.0",
        "@streetjs/cluster": "^1.0.0",
        "@streetjs/container": "^1.0.0",
        "@streetjs/context": "^1.1.0",
        "@streetjs/diagnostics": "^1.0.0",
        "@streetjs/exceptions": "^1.0.0",
        "@streetjs/migrations": "^1.0.0",
        "@streetjs/multipart": "^1.0.0",
        "@streetjs/pool": "^1.0.0",
        "@streetjs/postgres": "^1.0.0",
        "@streetjs/ratelimit": "^1.0.0",
        "@streetjs/repository": "^1.0.0",
        "@streetjs/router": "^1.0.0",
        "@streetjs/schema-inspector": "^1.0.0",
        "@streetjs/security": "^1.0.0",
        "@streetjs/session": "^1.0.0",
        "@streetjs/store": "^1.0.0",
        "@streetjs/telemetry": "^1.0.0",
        "@streetjs/webhook-dispatcher": "^1.0.0",
        "@streetjs/websocket": "^1.0.0",
        "@streetjs/xss": "^1.0.0",
        "reflect-metadata": "^0.2.2",
        "ws": "^8.18.0",
        "zod": "^4.4.3"
      },
      "engines": {
        "node": ">=22.0.0",
        "npm": ">=10.0.0"
      },
      "peerDependencies": {
        "typescript": ">=5.0.0"
      }
    },
    "node_modules/typescript": {
      "version": "5.9.3",
      "license": "Apache-2.0",
      "bin": {
        "tsc": "bin/tsc",
        "tsserver": "bin/tsserver"
      },
      "engines": {
        "node": ">=14.17"
      }
    },
    "node_modules/undici-types": {
      "version": "6.21.0",
      "dev": true,
      "license": "MIT"
    },
    "node_modules/ws": {
      "version": "8.21.3",
      "license": "MIT",
      "engines": {
        "node": ">=10.0.0"
      },
      "peerDependencies": {
        "bufferutil": "^4.0.1",
        "utf-8-validate": ">=5.0.2"
      },
      "peerDependenciesMeta": {
        "bufferutil": {
          "optional": true
        },
        "utf-8-validate": {
          "optional": true
        }
      }
    },
    "node_modules/zod": {
      "version": "4.4.3",
      "license": "MIT",
      "funding": {
        "url": "https://github.com/sponsors/colinhacks"
      }
    }
  }
}
